// !$*UTF8*$!
{
	archiveVersion = 1;
	classes = {
	};
	objectVersion = 50;
	objects = {

/* Begin PBXBuildFile section */
		7CEEB47A2124DFFF00886234 /* AppDelegate.swift in Sources */ = {isa = PBXBuildFile; fileRef = 7CEEB4792124DFFF00886234 /* AppDelegate.swift */; };
		7CEEB47C2124DFFF00886234 /* ViewController.swift in Sources */ = {isa = PBXBuildFile; fileRef = 7CEEB47B2124DFFF00886234 /* ViewController.swift */; };
		7CEEB47F2124DFFF00886234 /* Main.storyboard in Resources */ = {isa = PBXBuildFile; fileRef = 7CEEB47D2124DFFF00886234 /* Main.storyboard */; };
		7CEEB4812124E00100886234 /* Assets.xcassets in Resources */ = {isa = PBXBuildFile; fileRef = 7CEEB4802124E00100886234 /* Assets.xcassets */; };
		7CEEB4842124E00100886234 /* LaunchScreen.storyboard in Resources */ = {isa = PBXBuildFile; fileRef = 7CEEB4822124E00100886234 /* LaunchScreen.storyboard */; };
		7CEEB48E2125BA5800886234 /* Plants.swift in Sources */ = {isa = PBXBuildFile; fileRef = 7CEEB48D2125BA5800886234 /* Plants.swift */; };
		7CEEB4902125C02F00886234 /* PlantListCollectionViewCell.swift in Sources */ = {isa = PBXBuildFile; fileRef = 7CEEB48F2125C02F00886234 /* PlantListCollectionViewCell.swift */; };
/* End PBXBuildFile section */

/* Begin PBXFileReference section */
		7CEEB4762124DFFF00886234 /* IoT Plant.app */ = {isa = PBXFileReference; explicitFileType = wrapper.application; includeInIndex = 0; path = "IoT Plant.app"; sourceTree = BUILT_PRODUCTS_DIR; };
		7CEEB4792124DFFF00886234 /* AppDelegate.swift */ = {isa = PBXFileReference; lastKnownFileType = sourcecode.swift; path = AppDelegate.swift; sourceTree = "<group>"; };
		7CEEB47B2124DFFF00886234 /* ViewController.swift */ = {isa = PBXFileReference; lastKnownFileType = sourcecode.swift; path = ViewController.swift; sourceTree = "<group>"; };
		7CEEB47E2124DFFF00886234 /* Base */ = {isa = PBXFileReference; lastKnownFileType = file.storyboard; name = Base; path = Base.lproj/Main.storyboard; sourceTree = "<group>"; };
		7CEEB4802124E00100886234 /* Assets.xcassets */ = {isa = PBXFileReference; lastKnownFileType = folder.assetcatalog; path = Assets.xcassets; sourceTree = "<group>"; };
		7CEEB4832124E00100886234 /* Base */ = {isa = PBXFileReference; lastKnownFileType = file.storyboard; name = Base; path = Base.lproj/LaunchScreen.storyboard; sourceTree = "<group>"; };
		7CEEB4852124E00100886234 /* Info.plist */ = {isa = PBXFileReference; lastKnownFileType = text.plist.xml; path = Info.plist; sourceTree = "<group>"; };
		7CEEB48D2125BA5800886234 /* Plants.swift */ = {isa = PBXFileReference; lastKnownFileType = sourcecode.swift; path = Plants.swift; sourceTree = "<group>"; };
		7CEEB48F2125C02F00886234 /* PlantListCollectionViewCell.swift */ = {isa = PBXFileReference; lastKnownFileType = sourcecode.swift; path = PlantListCollectionViewCell.swift; sourceTree = "<group>"; };
/* End PBXFileReference section */

/* Begin PBXFrameworksBuildPhase section */
		7CEEB4732124DFFF00886234 /* Frameworks */ = {
			isa = PBXFrameworksBuildPhase;
			buildActionMask = 2147483647;
			files = (
			);
			runOnlyForDeploymentPostprocessing = 0;
		};
/* End PBXFrameworksBuildPhase section */

/* Begin PBXGroup section */
		7CEEB46D2124DFFF00886234 = {
			isa = PBXGroup;
			children = (
				7CEEB4782124DFFF00886234 /* IoT Plant */,
				7CEEB4772124DFFF00886234 /* Products */,
			);
			sourceTree = "<group>";
		};
		7CEEB4772124DFFF00886234 /* Products */ = {
			isa = PBXGroup;
			children = (
				7CEEB4762124DFFF00886234 /* IoT Plant.app */,
			);
			name = Products;
			sourceTree = "<group>";
		};
		7CEEB4782124DFFF00886234 /* IoT Plant */ = {
			isa = PBXGroup;
			children = (
				7CEEB4792124DFFF00886234 /* AppDelegate.swift */,
				7CEEB47D2124DFFF00886234 /* Main.storyboard */,
				7CEEB48D2125BA5800886234 /* Plants.swift */,
				7CEEB4912125C03B00886234 /* Plant List */,
				7CEEB4802124E00100886234 /* Assets.xcassets */,
				7CEEB4822124E00100886234 /* LaunchScreen.storyboard */,
				7CEEB4852124E00100886234 /* Info.plist */,
			);
			path = "IoT Plant";
			sourceTree = "<group>";
		};
		7CEEB4912125C03B00886234 /* Plant List */ = {
			isa = PBXGroup;
			children = (
				7CEEB47B2124DFFF00886234 /* ViewController.swift */,
				7CEEB48F2125C02F00886234 /* PlantListCollectionViewCell.swift */,
			);
			path = "Plant List";
			sourceTree = "<group>";
		};
/* End PBXGroup section */

/* Begin PBXNativeTarget section */
		7CEEB4752124DFFF00886234 /* IoT Plant */ = {
			isa = PBXNativeTarget;
			buildConfigurationList = 7CEEB4882124E00100886234 /* Build configuration list for PBXNativeTarget "IoT Plant" */;
			buildPhases = (
				7CEEB4722124DFFF00886234 /* Sources */,
				7CEEB4732124DFFF00886234 /* Frameworks */,
				7CEEB4742124DFFF00886234 /* Resources */,
			);
			buildRules = (
			);
			dependencies = (
			);
			name = "IoT Plant";
			productName = "IoT Plant";
			productReference = 7CEEB4762124DFFF00886234 /* IoT Plant.app */;
			productType = "com.apple.product-type.application";
		};
/* End PBXNativeTarget section */

/* Begin PBXProject section */
		7CEEB46E2124DFFF00886234 /* Project object */ = {
			isa = PBXProject;
			attributes = {
				LastSwiftUpdateCheck = 0940;
				LastUpgradeCheck = 0940;
				ORGANIZATIONNAME = "Tomas Martins";
				TargetAttributes = {
					7CEEB4752124DFFF00886234 = {
						CreatedOnToolsVersion = 9.4.1;
					};
				};
			};
			buildConfigurationList = 7CEEB4712124DFFF00886234 /* Build configuration list for PBXProject "IoT Plant" */;
			compatibilityVersion = "Xcode 9.3";
			developmentRegion = en;
			hasScannedForEncodings = 0;
			knownRegions = (
				en,
				Base,
			);
			mainGroup = 7CEEB46D2124DFFF00886234;
			productRefGroup = 7CEEB4772124DFFF00886234 /* Products */;
			projectDirPath = "";
			projectRoot = "";
			targets = (
				7CEEB4752124DFFF00886234 /* IoT Plant */,
			);
		};
/* End PBXProject section */

/* Begin PBXResourcesBuildPhase section */
		7CEEB4742124DFFF00886234 /* Resources */ = {
			isa = PBXResourcesBuildPhase;
			buildActionMask = 2147483647;
			files = (
				7CEEB4842124E00100886234 /* LaunchScreen.storyboard in Resources */,
				7CEEB4812124E00100886234 /* Assets.xcassets in Resources */,
				7CEEB47F2124DFFF00886234 /* Main.storyboard in Resources */,
			);
			runOnlyForDeploymentPostprocessing = 0;
		};
/* End PBXResourcesBuildPhase section */

/* Begin PBXSourcesBuildPhase section */
		7CEEB4722124DFFF00886234 /* Sources */ = {
			isa = PBXSourcesBuildPhase;
			buildActionMask = 2147483647;
			files = (
				7CEEB4902125C02F00886234 /* PlantListCollectionViewCell.swift in Sources */,
				7CEEB48E2125BA5800886234 /* Plants.swift in Sources */,
				7CEEB47C2124DFFF00886234 /* ViewController.swift in Sources */,
				7CEEB47A2124DFFF00886234 /* AppDelegate.swift in Sources */,
			);
			runOnlyForDeploymentPostprocessing = 0;
		};
/* End PBXSourcesBuildPhase section */

/* Begin PBXVariantGroup section */
		7CEEB47D2124DFFF00886234 /* Main.storyboard */ = {
			isa = PBXVariantGroup;
			children = (
				7CEEB47E2124DFFF00886234 /* Base */,
			);
			name = Main.storyboard;
			sourceTree = "<group>";
		};
		7CEEB4822124E00100886234 /* LaunchScreen.storyboard */ = {
			isa = PBXVariantGroup;
			children = (
				7CEEB4832124E00100886234 /* Base */,
			);
			name = LaunchScreen.storyboard;
			sourceTree = "<group>";
		};
/* End PBXVariantGroup section */

/* Begin XCBuildConfiguration section */
		7CEEB4862124E00100886234 /* Debug */ = {
			isa = XCBuildConfiguration;
			buildSettings = {
				ALWAYS_SEARCH_USER_PATHS = NO;
				CLANG_ANALYZER_NONNULL = YES;
				CLANG_ANALYZER_NUMBER_OBJECT_CONVERSION = YES_AGGRESSIVE;
				CLANG_CXX_LANGUAGE_STANDARD = "gnu++14";
				CLANG_CXX_LIBRARY = "libc++";
				CLANG_ENABLE_MODULES = YES;
				CLANG_ENABLE_OBJC_ARC = YES;
				CLANG_ENABLE_OBJC_WEAK = YES;
				CLANG_WARN_BLOCK_CAPTURE_AUTORELEASING = YES;
				CLANG_WARN_BOOL_CONVERSION = YES;
				CLANG_WARN_COMMA = YES;
				CLANG_WARN_CONSTANT_CONVERSION = YES;
				CLANG_WARN_DEPRECATED_OBJC_IMPLEMENTATIONS = YES;
				CLANG_WARN_DIRECT_OBJC_ISA_USAGE = YES_ERROR;
				CLANG_WARN_DOCUMENTATION_COMMENTS = YES;
				CLANG_WARN_EMPTY_BODY = YES;
				CLANG_WARN_ENUM_CONVERSION = YES;
				CLANG_WARN_INFINITE_RECURSION = YES;
				CLANG_WARN_INT_CONVERSION = YES;
				CLANG_WARN_NON_LITERAL_NULL_CONVERSION = YES;
				CLANG_WARN_OBJC_IMPLICIT_RETAIN_SELF = YES;
				CLANG_WARN_OBJC_LITERAL_CONVERSION = YES;
				CLANG_WARN_OBJC_ROOT_CLASS = YES_ERROR;
				CLANG_WARN_RANGE_LOOP_ANALYSIS = YES;
				CLANG_WARN_STRICT_PROTOTYPES = YES;
				CLANG_WARN_SUSPICIOUS_MOVE = YES;
				CLANG_WARN_UNGUARDED_AVAILABILITY = YES_AGGRESSIVE;
				CLANG_WARN_UNREACHABLE_CODE = YES;
				CLANG_WARN__DUPLICATE_METHOD_MATCH = YES;
				CODE_SIGN_IDENTITY = "iPhone Developer";
				COPY_PHASE_STRIP = NO;
				DEBUG_INFORMATION_FORMAT = dwarf;
				ENABLE_STRICT_OBJC_MSGSEND = YES;
				ENABLE_TESTABILITY = YES;
				GCC_C_LANGUAGE_STANDARD = gnu11;
				GCC_DYNAMIC_NO_PIC = NO;
				GCC_NO_COMMON_BLOCKS = YES;
				GCC_OPTIMIZATION_LEVEL = 0;
				GCC_PREPROCESSOR_DEFINITIONS = (
					"DEBUG=1",
					"$(inherited)",
				);
				GCC_WARN_64_TO_32_BIT_CONVERSION = YES;
				GCC_WARN_ABOUT_RETURN_TYPE = YES_ERROR;
				GCC_WARN_UNDECLARED_SELECTOR = YES;
				GCC_WARN_UNINITIALIZED_AUTOS = YES_AGGRESSIVE;
				GCC_WARN_UNUSED_FUNCTION = YES;
				GCC_WARN_UNUSED_VARIABLE = YES;
				IPHONEOS_DEPLOYMENT_TARGET = 11.4;
				MTL_ENABLE_DEBUG_INFO = YES;
				ONLY_ACTIVE_ARCH = YES;
				SDKROOT = iphoneos;
				SWIFT_ACTIVE_COMPILATION_CONDITIONS = DEBUG;
				SWIFT_OPTIMIZATION_LEVEL = "-Onone";
			};
			name = Debug;
		};
		7CEEB4872124E00100886234 /* Release */ = {
			isa = XCBuildConfiguration;
			buildSettings = {
				ALWAYS_SEARCH_USER_PATHS = NO;
				CLANG_ANALYZER_NONNULL = YES;
				CLANG_ANALYZER_NUMBER_OBJECT_CONVERSION = YES_AGGRESSIVE;
				CLANG_CXX_LANGUAGE_STANDARD = "gnu++14";
				CLANG_CXX_LIBRARY = "libc++";
				CLANG_ENABLE_MODULES = YES;
				CLANG_ENABLE_OBJC_ARC = YES;
				CLANG_ENABLE_OBJC_WEAK = YES;
				CLANG_WARN_BLOCK_CAPTURE_AUTORELEASING = YES;
				CLANG_WARN_BOOL_CONVERSION = YES;
				CLANG_WARN_COMMA = YES;
				CLANG_WARN_CONSTANT_CONVERSION = YES;
				CLANG_WARN_DEPRECATED_OBJC_IMPLEMENTATIONS = YES;
				CLANG_WARN_DIRECT_OBJC_ISA_USAGE = YES_ERROR;
				CLANG_WARN_DOCUMENTATION_COMMENTS = YES;
				CLANG_WARN_EMPTY_BODY = YES;
				CLANG_WARN_ENUM_CONVERSION = YES;
				CLANG_WARN_INFINITE_RECURSION = YES;
				CLANG_WARN_INT_CONVERSION = YES;
				CLANG_WARN_NON_LITERAL_NULL_CONVERSION = YES;
				CLANG_WARN_OBJC_IMPLICIT_RETAIN_SELF = YES;
				CLANG_WARN_OBJC_LITERAL_CONVERSION = YES;
				CLANG_WARN_OBJC_ROOT_CLASS = YES_ERROR;
				CLANG_WARN_RANGE_LOOP_ANALYSIS = YES;
				CLANG_WARN_STRICT_PROTOTYPES = YES;
				CLANG_WARN_SUSPICIOUS_MOVE = YES;
				CLANG_WARN_UNGUARDED_AVAILABILITY = YES_AGGRESSIVE;
				CLANG_WARN_UNREACHABLE_CODE = YES;
				CLANG_WARN__DUPLICATE_METHOD_MATCH = YES;
				CODE_SIGN_IDENTITY = "iPhone Developer";
				COPY_PHASE_STRIP = NO;
				DEBUG_INFORMATION_FORMAT = "dwarf-with-dsym";
				ENABLE_NS_ASSERTIONS = NO;
				ENABLE_STRICT_OBJC_MSGSEND = YES;
				GCC_C_LANGUAGE_STANDARD = gnu11;
				GCC_NO_COMMON_BLOCKS = YES;
				GCC_WARN_64_TO_32_BIT_CONVERSION = YES;
				GCC_WARN_ABOUT_RETURN_TYPE = YES_ERROR;
				GCC_WARN_UNDECLARED_SELECTOR = YES;
				GCC_WARN_UNINITIALIZED_AUTOS = YES_AGGRESSIVE;
				GCC_WARN_UNUSED_FUNCTION = YES;
				GCC_WARN_UNUSED_VARIABLE = YES;
				IPHONEOS_DEPLOYMENT_TARGET = 11.4;
				MTL_ENABLE_DEBUG_INFO = NO;
				SDKROOT = iphoneos;
				SWIFT_COMPILATION_MODE = wholemodule;
				SWIFT_OPTIMIZATION_LEVEL = "-O";
				VALIDATE_PRODUCT = YES;
			};
			name = Release;
		};
		7CEEB4892124E00100886234 /* Debug */ = {
			isa = XCBuildConfiguration;
			buildSettings = {
				ASSETCATALOG_COMPILER_APPICON_NAME = AppIcon;
				CODE_SIGN_STYLE = Automatic;
				DEVELOPMENT_TEAM = ZTGHLM6H83;
				INFOPLIST_FILE = "IoT Plant/Info.plist";
				LD_RUNPATH_SEARCH_PATHS = (
					"$(inherited)",
					"@executable_path/Frameworks",
				);
				PRODUCT_BUNDLE_IDENTIFIER = "tfmartins.IoT-Plant";
				PRODUCT_NAME = "$(TARGET_NAME)";
				SWIFT_VERSION = 4.0;
				TARGETED_DEVICE_FAMILY = 1;
			};
			name = Debug;
		};
		7CEEB48A2124E00100886234 /* Release */ = {
			isa = XCBuildConfiguration;
			buildSettings = {
				ASSETCATALOG_COMPILER_APPICON_NAME = AppIcon;
				CODE_SIGN_STYLE = Automatic;
				DEVELOPMENT_TEAM = ZTGHLM6H83;
				INFOPLIST_FILE = "IoT Plant/Info.plist";
				LD_RUNPATH_SEARCH_PATHS = (
					"$(inherited)",
					"@executable_path/Frameworks",
				);
				PRODUCT_BUNDLE_IDENTIFIER = "tfmartins.IoT-Plant";
				PRODUCT_NAME = "$(TARGET_NAME)";
				SWIFT_VERSION = 4.0;
				TARGETED_DEVICE_FAMILY = 1;
			};
			name = Release;
		};
/* End XCBuildConfiguration section */

/* Begin XCConfigurationList section */
		7CEEB4712124DFFF00886234 /* Build configuration list for PBXProject "IoT Plant" */ = {
			isa = XCConfigurationList;
			buildConfigurations = (
				7CEEB4862124E00100886234 /* Debug */,
				7CEEB4872124E00100886234 /* Release */,
			);
			defaultConfigurationIsVisible = 0;
			defaultConfigurationName = Release;
		};
		7CEEB4882124E00100886234 /* Build configuration list for PBXNativeTarget "IoT Plant" */ = {
			isa = XCConfigurationList;
			buildConfigurations = (
				7CEEB4892124E00100886234 /* Debug */,
				7CEEB48A2124E00100886234 /* Release */,
			);
			defaultConfigurationIsVisible = 0;
			defaultConfigurationName = Release;
		};
/* End XCConfigurationList section */
	};
	rootObject = 7CEEB46E2124DFFF00886234 /* Project object */;
}
